
Microsoft Visual Studio Solution File, Format Version 12.00
# Visual Studio Version 17
VisualStudioVersion = 17.10.35027.167
MinimumVisualStudioVersion = 10.0.40219.1
Project("{FAE04EC0-301F-11D3-BF4B-00C04F79EFBC}") = "WikiWander", "WikiWander\WikiWander.csproj", "{66A57D28-E526-4D3F-8A51-D10FF8036647}"
EndProject
Global
	GlobalSection(SolutionConfigurationPlatforms) = preSolution
		Debug|Any CPU = Debug|Any CPU
		Release|Any CPU = Release|Any CPU
	EndGlobalSection
	GlobalSection(ProjectConfigurationPlatforms) = postSolution
		{66A57D28-E526-4D3F-8A51-D10FF8036647}.Debug|Any CPU.ActiveCfg = Debug|Any CPU
		{66A57D28-E526-4D3F-8A51-D10FF8036647}.Debug|Any CPU.Build.0 = Debug|Any CPU
		{66A57D28-E526-4D3F-8A51-D10FF8036647}.Release|Any CPU.ActiveCfg = Release|Any CPU
		{66A57D28-E526-4D3F-8A51-D10FF8036647}.Release|Any CPU.Build.0 = Release|Any CPU
	EndGlobalSection
	GlobalSection(SolutionProperties) = preSolution
		HideSolutionNode = FALSE
	EndGlobalSection
	GlobalSection(ExtensibilityGlobals) = postSolution
		SolutionGuid = {F35E9A45-DBC6-474E-9C7F-3C4081636EC6}
	EndGlobalSection
EndGlobal
